
Microsoft Visual Studio Solution File, Format Version 12.00
# Visual Studio Version 16
VisualStudioVersion = 16.0.30204.135
MinimumVisualStudioVersion = 10.0.40219.1
Project("{FAE04EC0-301F-11D3-BF4B-00C04F79EFBC}") = "DataStructures", "DataStructures\DataStructures.csproj", "{9CE68A6D-1269-4D9F-B840-DE97F161A3A0}"
EndProject
Global
	GlobalSection(SolutionConfigurationPlatforms) = preSolution
		Debug|Any CPU = Debug|Any CPU
		Release|Any CPU = Release|Any CPU
	EndGlobalSection
	GlobalSection(ProjectConfigurationPlatforms) = postSolution
		{9CE68A6D-1269-4D9F-B840-DE97F161A3A0}.Debug|Any CPU.ActiveCfg = Debug|Any CPU
		{9CE68A6D-1269-4D9F-B840-DE97F161A3A0}.Debug|Any CPU.Build.0 = Debug|Any CPU
		{9CE68A6D-1269-4D9F-B840-DE97F161A3A0}.Release|Any CPU.ActiveCfg = Release|Any CPU
		{9CE68A6D-1269-4D9F-B840-DE97F161A3A0}.Release|Any CPU.Build.0 = Release|Any CPU
	EndGlobalSection
	GlobalSection(SolutionProperties) = preSolution
		HideSolutionNode = FALSE
	EndGlobalSection
	GlobalSection(ExtensibilityGlobals) = postSolution
		SolutionGuid = {4FAF6D39-B069-4704-89D3-DFCB323407C9}
	EndGlobalSection
EndGlobal
